
Microsoft Visual Studio Solution File, Format Version 12.00
# Visual Studio Version 16
VisualStudioVersion = 16.0.31220.234
MinimumVisualStudioVersion = 10.0.40219.1
Project("{FAE04EC0-301F-11D3-BF4B-00C04F79EFBC}") = "catbag", "catbag.csproj", "{1C25A1E7-0F86-4289-A5DD-7B59EEE0CEFC}"
EndProject
Global
	GlobalSection(SolutionConfigurationPlatforms) = preSolution
		Debug|Any CPU = Debug|Any CPU
		Release|Any CPU = Release|Any CPU
	EndGlobalSection
	GlobalSection(ProjectConfigurationPlatforms) = postSolution
		{1C25A1E7-0F86-4289-A5DD-7B59EEE0CEFC}.Debug|Any CPU.ActiveCfg = Debug|Any CPU
		{1C25A1E7-0F86-4289-A5DD-7B59EEE0CEFC}.Debug|Any CPU.Build.0 = Debug|Any CPU
		{1C25A1E7-0F86-4289-A5DD-7B59EEE0CEFC}.Release|Any CPU.ActiveCfg = Release|Any CPU
		{1C25A1E7-0F86-4289-A5DD-7B59EEE0CEFC}.Release|Any CPU.Build.0 = Release|Any CPU
	EndGlobalSection
	GlobalSection(SolutionProperties) = preSolution
		HideSolutionNode = FALSE
	EndGlobalSection
	GlobalSection(ExtensibilityGlobals) = postSolution
		SolutionGuid = {8A469241-0CC3-4E66-BEFA-7388B7A27359}
	EndGlobalSection
EndGlobal
